<?xml version="1.0" encoding="utf-8"?>
<Project ToolsVersion="4.0" xmlns="http://schemas.microsoft.com/developer/msbuild/2003">
  <ItemGroup>
    <ClCompile Include="..\src\fmq_server.c">
      <Filter>Source Files</Filter>
    </ClCompile>
    <ClCompile Include="..\src\filemq.c">
      <Filter>Source Files</Filter>
    </ClCompile>
    <ClCompile Include="..\src\fmq_chunk.c">
      <Filter>Source Files</Filter>
    </ClCompile>
    <ClCompile Include="..\src\fmq_client.c">
      <Filter>Source Files</Filter>
    </ClCompile>
    <ClCompile Include="..\src\fmq_config.c">
      <Filter>Source Files</Filter>
    </ClCompile>
    <ClCompile Include="..\src\fmq_dir.c">
      <Filter>Source Files</Filter>
    </ClCompile>
    <ClCompile Include="..\src\fmq_file.c">
      <Filter>Source Files</Filter>
    </ClCompile>
    <ClCompile Include="..\src\fmq_msg.c">
      <Filter>Source Files</Filter>
    </ClCompile>
    <ClCompile Include="..\src\fmq_patch.c">
      <Filter>Source Files</Filter>
    </ClCompile>
    <ClCompile Include="..\src\fmq_sasl.c">
      <Filter>Source Files</Filter>
    </ClCompile>
  </ItemGroup>
  <ItemGroup>
    <ClInclude Include="..\include\fmq.h">
      <Filter>Header Files</Filter>
    </ClInclude>
    <ClInclude Include="..\include\fmq_chunk.h">
      <Filter>Header Files</Filter>
    </ClInclude>
    <ClInclude Include="..\include\fmq_client.h">
      <Filter>Header Files</Filter>
    </ClInclude>
    <ClInclude Include="..\include\fmq_config.h">
      <Filter>Header Files</Filter>
    </ClInclude>
    <ClInclude Include="..\include\fmq_dir.h">
      <Filter>Header Files</Filter>
    </ClInclude>
    <ClInclude Include="..\include\fmq_file.h">
      <Filter>Header Files</Filter>
    </ClInclude>
    <ClInclude Include="..\include\fmq_msg.h">
      <Filter>Header Files</Filter>
    </ClInclude>
    <ClInclude Include="..\include\fmq_patch.h">
      <Filter>Header Files</Filter>
    </ClInclude>
    <ClInclude Include="..\include\fmq_sasl.h">
      <Filter>Header Files</Filter>
    </ClInclude>
    <ClInclude Include="..\include\fmq_server.h">
      <Filter>Header Files</Filter>
    </ClInclude>
  </ItemGroup>
  <ItemGroup>
    <Filter Include="Header Files">
      <UniqueIdentifier>{d5dd514f-2008-418a-a1bf-179476da625d}</UniqueIdentifier>
    </Filter>
    <Filter Include="Source Files">
      <UniqueIdentifier>{7b0553b2-00cb-410f-b448-d19d638f6faa}</UniqueIdentifier>
    </Filter>
  </ItemGroup>
</Project>